
Microsoft Visual Studio Solution File, Format Version 12.00
# Visual Studio 14
VisualStudioVersion = 14.0.25420.1
MinimumVisualStudioVersion = 10.0.40219.1
Project("{FAE04EC0-301F-11D3-BF4B-00C04F79EFBC}") = "HelloXamarin", "HelloXamarin\HelloXamarin\HelloXamarin.csproj", "{8AA950F2-62F1-48A1-9B63-2B6C83926B68}"
EndProject
Project("{FAE04EC0-301F-11D3-BF4B-00C04F79EFBC}") = "HelloXamarin.Droid", "HelloXamarin\HelloXamarin.Droid\HelloXamarin.Droid.csproj", "{D1DAC704-6957-47A3-B087-03477333999F}"
EndProject
Project("{FAE04EC0-301F-11D3-BF4B-00C04F79EFBC}") = "HelloXamarin.iOS", "HelloXamarin\HelloXamarin.iOS\HelloXamarin.iOS.csproj", "{ABDC7BFC-3159-407E-B103-0F8326E6BDBE}"
EndProject
Project("{FAE04EC0-301F-11D3-BF4B-00C04F79EFBC}") = "HelloXamarin.UWP", "HelloXamarin\HelloXamarin.UWP\HelloXamarin.UWP.csproj", "{F91C816B-26E9-4847-8DAA-284159CC0A3F}"
EndProject
Global
	GlobalSection(SolutionConfigurationPlatforms) = preSolution
		Ad-Hoc|Any CPU = Ad-Hoc|Any CPU
		Ad-Hoc|ARM = Ad-Hoc|ARM
		Ad-Hoc|iPhone = Ad-Hoc|iPhone
		Ad-Hoc|iPhoneSimulator = Ad-Hoc|iPhoneSimulator
		Ad-Hoc|x64 = Ad-Hoc|x64
		Ad-Hoc|x86 = Ad-Hoc|x86
		AppStore|Any CPU = AppStore|Any CPU
		AppStore|ARM = AppStore|ARM
		AppStore|iPhone = AppStore|iPhone
		AppStore|iPhoneSimulator = AppStore|iPhoneSimulator
		AppStore|x64 = AppStore|x64
		AppStore|x86 = AppStore|x86
		Debug|Any CPU = Debug|Any CPU
		Debug|ARM = Debug|ARM
		Debug|iPhone = Debug|iPhone
		Debug|iPhoneSimulator = Debug|iPhoneSimulator
		Debug|x64 = Debug|x64
		Debug|x86 = Debug|x86
		Release|Any CPU = Release|Any CPU
		Release|ARM = Release|ARM
		Release|iPhone = Release|iPhone
		Release|iPhoneSimulator = Release|iPhoneSimulator
		Release|x64 = Release|x64
		Release|x86 = Release|x86
	EndGlobalSection
	GlobalSection(ProjectConfigurationPlatforms) = postSolution
		{8AA950F2-62F1-48A1-9B63-2B6C83926B68}.Ad-Hoc|Any CPU.ActiveCfg = Release|Any CPU
		{8AA950F2-62F1-48A1-9B63-2B6C83926B68}.Ad-Hoc|Any CPU.Build.0 = Release|Any CPU
		{8AA950F2-62F1-48A1-9B63-2B6C83926B68}.Ad-Hoc|ARM.ActiveCfg = Release|Any CPU
		{8AA950F2-62F1-48A1-9B63-2B6C83926B68}.Ad-Hoc|ARM.Build.0 = Release|Any CPU
		{8AA950F2-62F1-48A1-9B63-2B6C83926B68}.Ad-Hoc|iPhone.ActiveCfg = Release|Any CPU
		{8AA950F2-62F1-48A1-9B63-2B6C83926B68}.Ad-Hoc|iPhone.Build.0 = Release|Any CPU
		{8AA950F2-62F1-48A1-9B63-2B6C83926B68}.Ad-Hoc|iPhoneSimulator.ActiveCfg = Release|Any CPU
		{8AA950F2-62F1-48A1-9B63-2B6C83926B68}.Ad-Hoc|iPhoneSimulator.Build.0 = Release|Any CPU
		{8AA950F2-62F1-48A1-9B63-2B6C83926B68}.Ad-Hoc|x64.ActiveCfg = Release|Any CPU
		{8AA950F2-62F1-48A1-9B63-2B6C83926B68}.Ad-Hoc|x64.Build.0 = Release|Any CPU
		{8AA950F2-62F1-48A1-9B63-2B6C83926B68}.Ad-Hoc|x86.ActiveCfg = Release|Any CPU
		{8AA950F2-62F1-48A1-9B63-2B6C83926B68}.Ad-Hoc|x86.Build.0 = Release|Any CPU
		{8AA950F2-62F1-48A1-9B63-2B6C83926B68}.AppStore|Any CPU.ActiveCfg = Release|Any CPU
		{8AA950F2-62F1-48A1-9B63-2B6C83926B68}.AppStore|Any CPU.Build.0 = Release|Any CPU
		{8AA950F2-62F1-48A1-9B63-2B6C83926B68}.AppStore|ARM.ActiveCfg = Release|Any CPU
		{8AA950F2-62F1-48A1-9B63-2B6C83926B68}.AppStore|ARM.Build.0 = Release|Any CPU
		{8AA950F2-62F1-48A1-9B63-2B6C83926B68}.AppStore|iPhone.ActiveCfg = Release|Any CPU
		{8AA950F2-62F1-48A1-9B63-2B6C83926B68}.AppStore|iPhone.Build.0 = Release|Any CPU
		{8AA950F2-62F1-48A1-9B63-2B6C83926B68}.AppStore|iPhoneSimulator.ActiveCfg = Release|Any CPU
		{8AA950F2-62F1-48A1-9B63-2B6C83926B68}.AppStore|iPhoneSimulator.Build.0 = Release|Any CPU
		{8AA950F2-62F1-48A1-9B63-2B6C83926B68}.AppStore|x64.ActiveCfg = Release|Any CPU
		{8AA950F2-62F1-48A1-9B63-2B6C83926B68}.AppStore|x64.Build.0 = Release|Any CPU
		{8AA950F2-62F1-48A1-9B63-2B6C83926B68}.AppStore|x86.ActiveCfg = Release|Any CPU
		{8AA950F2-62F1-48A1-9B63-2B6C83926B68}.AppStore|x86.Build.0 = Release|Any CPU
		{8AA950F2-62F1-48A1-9B63-2B6C83926B68}.Debug|Any CPU.ActiveCfg = Debug|Any CPU
		{8AA950F2-62F1-48A1-9B63-2B6C83926B68}.Debug|Any CPU.Build.0 = Debug|Any CPU
		{8AA950F2-62F1-48A1-9B63-2B6C83926B68}.Debug|ARM.ActiveCfg = Debug|Any CPU
		{8AA950F2-62F1-48A1-9B63-2B6C83926B68}.Debug|ARM.Build.0 = Debug|Any CPU
		{8AA950F2-62F1-48A1-9B63-2B6C83926B68}.Debug|iPhone.ActiveCfg = Debug|Any CPU
		{8AA950F2-62F1-48A1-9B63-2B6C83926B68}.Debug|iPhone.Build.0 = Debug|Any CPU
		{8AA950F2-62F1-48A1-9B63-2B6C83926B68}.Debug|iPhoneSimulator.ActiveCfg = Debug|Any CPU
		{8AA950F2-62F1-48A1-9B63-2B6C83926B68}.Debug|iPhoneSimulator.Build.0 = Debug|Any CPU
		{8AA950F2-62F1-48A1-9B63-2B6C83926B68}.Debug|x64.ActiveCfg = Debug|Any CPU
		{8AA950F2-62F1-48A1-9B63-2B6C83926B68}.Debug|x64.Build.0 = Debug|Any CPU
		{8AA950F2-62F1-48A1-9B63-2B6C83926B68}.Debug|x86.ActiveCfg = Debug|Any CPU
		{8AA950F2-62F1-48A1-9B63-2B6C83926B68}.Debug|x86.Build.0 = Debug|Any CPU
		{8AA950F2-62F1-48A1-9B63-2B6C83926B68}.Release|Any CPU.ActiveCfg = Release|Any CPU
		{8AA950F2-62F1-48A1-9B63-2B6C83926B68}.Release|Any CPU.Build.0 = Release|Any CPU
		{8AA950F2-62F1-48A1-9B63-2B6C83926B68}.Release|ARM.ActiveCfg = Release|Any CPU
		{8AA950F2-62F1-48A1-9B63-2B6C83926B68}.Release|ARM.Build.0 = Release|Any CPU
		{8AA950F2-62F1-48A1-9B63-2B6C83926B68}.Release|iPhone.ActiveCfg = Release|Any CPU
		{8AA950F2-62F1-48A1-9B63-2B6C83926B68}.Release|iPhone.Build.0 = Release|Any CPU
		{8AA950F2-62F1-48A1-9B63-2B6C83926B68}.Release|iPhoneSimulator.ActiveCfg = Release|Any CPU
		{8AA950F2-62F1-48A1-9B63-2B6C83926B68}.Release|iPhoneSimulator.Build.0 = Release|Any CPU
		{8AA950F2-62F1-48A1-9B63-2B6C83926B68}.Release|x64.ActiveCfg = Release|Any CPU
		{8AA950F2-62F1-48A1-9B63-2B6C83926B68}.Release|x64.Build.0 = Release|Any CPU
		{8AA950F2-62F1-48A1-9B63-2B6C83926B68}.Release|x86.ActiveCfg = Release|Any CPU
		{8AA950F2-62F1-48A1-9B63-2B6C83926B68}.Release|x86.Build.0 = Release|Any CPU
		{D1DAC704-6957-47A3-B087-03477333999F}.Ad-Hoc|Any CPU.ActiveCfg = Release|Any CPU
		{D1DAC704-6957-47A3-B087-03477333999F}.Ad-Hoc|Any CPU.Build.0 = Release|Any CPU
		{D1DAC704-6957-47A3-B087-03477333999F}.Ad-Hoc|Any CPU.Deploy.0 = Release|Any CPU
		{D1DAC704-6957-47A3-B087-03477333999F}.Ad-Hoc|ARM.ActiveCfg = Release|Any CPU
		{D1DAC704-6957-47A3-B087-03477333999F}.Ad-Hoc|ARM.Build.0 = Release|Any CPU
		{D1DAC704-6957-47A3-B087-03477333999F}.Ad-Hoc|ARM.Deploy.0 = Release|Any CPU
		{D1DAC704-6957-47A3-B087-03477333999F}.Ad-Hoc|iPhone.ActiveCfg = Release|Any CPU
		{D1DAC704-6957-47A3-B087-03477333999F}.Ad-Hoc|iPhone.Build.0 = Release|Any CPU
		{D1DAC704-6957-47A3-B087-03477333999F}.Ad-Hoc|iPhone.Deploy.0 = Release|Any CPU
		{D1DAC704-6957-47A3-B087-03477333999F}.Ad-Hoc|iPhoneSimulator.ActiveCfg = Release|Any CPU
		{D1DAC704-6957-47A3-B087-03477333999F}.Ad-Hoc|iPhoneSimulator.Build.0 = Release|Any CPU
		{D1DAC704-6957-47A3-B087-03477333999F}.Ad-Hoc|iPhoneSimulator.Deploy.0 = Release|Any CPU
		{D1DAC704-6957-47A3-B087-03477333999F}.Ad-Hoc|x64.ActiveCfg = Release|Any CPU
		{D1DAC704-6957-47A3-B087-03477333999F}.Ad-Hoc|x64.Build.0 = Release|Any CPU
		{D1DAC704-6957-47A3-B087-03477333999F}.Ad-Hoc|x64.Deploy.0 = Release|Any CPU
		{D1DAC704-6957-47A3-B087-03477333999F}.Ad-Hoc|x86.ActiveCfg = Release|Any CPU
		{D1DAC704-6957-47A3-B087-03477333999F}.Ad-Hoc|x86.Build.0 = Release|Any CPU
		{D1DAC704-6957-47A3-B087-03477333999F}.Ad-Hoc|x86.Deploy.0 = Release|Any CPU
		{D1DAC704-6957-47A3-B087-03477333999F}.AppStore|Any CPU.ActiveCfg = Release|Any CPU
		{D1DAC704-6957-47A3-B087-03477333999F}.AppStore|Any CPU.Build.0 = Release|Any CPU
		{D1DAC704-6957-47A3-B087-03477333999F}.AppStore|Any CPU.Deploy.0 = Release|Any CPU
		{D1DAC704-6957-47A3-B087-03477333999F}.AppStore|ARM.ActiveCfg = Release|Any CPU
		{D1DAC704-6957-47A3-B087-03477333999F}.AppStore|ARM.Build.0 = Release|Any CPU
		{D1DAC704-6957-47A3-B087-03477333999F}.AppStore|ARM.Deploy.0 = Release|Any CPU
		{D1DAC704-6957-47A3-B087-03477333999F}.AppStore|iPhone.ActiveCfg = Release|Any CPU
		{D1DAC704-6957-47A3-B087-03477333999F}.AppStore|iPhone.Build.0 = Release|Any CPU
		{D1DAC704-6957-47A3-B087-03477333999F}.AppStore|iPhone.Deploy.0 = Release|Any CPU
		{D1DAC704-6957-47A3-B087-03477333999F}.AppStore|iPhoneSimulator.ActiveCfg = Release|Any CPU
		{D1DAC704-6957-47A3-B087-03477333999F}.AppStore|iPhoneSimulator.Build.0 = Release|Any CPU
		{D1DAC704-6957-47A3-B087-03477333999F}.AppStore|iPhoneSimulator.Deploy.0 = Release|Any CPU
		{D1DAC704-6957-47A3-B087-03477333999F}.AppStore|x64.ActiveCfg = Release|Any CPU
		{D1DAC704-6957-47A3-B087-03477333999F}.AppStore|x64.Build.0 = Release|Any CPU
		{D1DAC704-6957-47A3-B087-03477333999F}.AppStore|x64.Deploy.0 = Release|Any CPU
		{D1DAC704-6957-47A3-B087-03477333999F}.AppStore|x86.ActiveCfg = Release|Any CPU
		{D1DAC704-6957-47A3-B087-03477333999F}.AppStore|x86.Build.0 = Release|Any CPU
		{D1DAC704-6957-47A3-B087-03477333999F}.AppStore|x86.Deploy.0 = Release|Any CPU
		{D1DAC704-6957-47A3-B087-03477333999F}.Debug|Any CPU.ActiveCfg = Debug|Any CPU
		{D1DAC704-6957-47A3-B087-03477333999F}.Debug|Any CPU.Build.0 = Debug|Any CPU
		{D1DAC704-6957-47A3-B087-03477333999F}.Debug|Any CPU.Deploy.0 = Debug|Any CPU
		{D1DAC704-6957-47A3-B087-03477333999F}.Debug|ARM.ActiveCfg = Debug|Any CPU
		{D1DAC704-6957-47A3-B087-03477333999F}.Debug|ARM.Build.0 = Debug|Any CPU
		{D1DAC704-6957-47A3-B087-03477333999F}.Debug|ARM.Deploy.0 = Debug|Any CPU
		{D1DAC704-6957-47A3-B087-03477333999F}.Debug|iPhone.ActiveCfg = Debug|Any CPU
		{D1DAC704-6957-47A3-B087-03477333999F}.Debug|iPhone.Build.0 = Debug|Any CPU
		{D1DAC704-6957-47A3-B087-03477333999F}.Debug|iPhone.Deploy.0 = Debug|Any CPU
		{D1DAC704-6957-47A3-B087-03477333999F}.Debug|iPhoneSimulator.ActiveCfg = Debug|Any CPU
		{D1DAC704-6957-47A3-B087-03477333999F}.Debug|iPhoneSimulator.Build.0 = Debug|Any CPU
		{D1DAC704-6957-47A3-B087-03477333999F}.Debug|iPhoneSimulator.Deploy.0 = Debug|Any CPU
		{D1DAC704-6957-47A3-B087-03477333999F}.Debug|x64.ActiveCfg = Debug|Any CPU
		{D1DAC704-6957-47A3-B087-03477333999F}.Debug|x64.Build.0 = Debug|Any CPU
		{D1DAC704-6957-47A3-B087-03477333999F}.Debug|x64.Deploy.0 = Debug|Any CPU
		{D1DAC704-6957-47A3-B087-03477333999F}.Debug|x86.ActiveCfg = Debug|Any CPU
		{D1DAC704-6957-47A3-B087-03477333999F}.Debug|x86.Build.0 = Debug|Any CPU
		{D1DAC704-6957-47A3-B087-03477333999F}.Debug|x86.Deploy.0 = Debug|Any CPU
		{D1DAC704-6957-47A3-B087-03477333999F}.Release|Any CPU.ActiveCfg = Release|Any CPU
		{D1DAC704-6957-47A3-B087-03477333999F}.Release|Any CPU.Build.0 = Release|Any CPU
		{D1DAC704-6957-47A3-B087-03477333999F}.Release|Any CPU.Deploy.0 = Release|Any CPU
		{D1DAC704-6957-47A3-B087-03477333999F}.Release|ARM.ActiveCfg = Release|Any CPU
		{D1DAC704-6957-47A3-B087-03477333999F}.Release|ARM.Build.0 = Release|Any CPU
		{D1DAC704-6957-47A3-B087-03477333999F}.Release|ARM.Deploy.0 = Release|Any CPU
		{D1DAC704-6957-47A3-B087-03477333999F}.Release|iPhone.ActiveCfg = Release|Any CPU
		{D1DAC704-6957-47A3-B087-03477333999F}.Release|iPhone.Build.0 = Release|Any CPU
		{D1DAC704-6957-47A3-B087-03477333999F}.Release|iPhone.Deploy.0 = Release|Any CPU
		{D1DAC704-6957-47A3-B087-03477333999F}.Release|iPhoneSimulator.ActiveCfg = Release|Any CPU
		{D1DAC704-6957-47A3-B087-03477333999F}.Release|iPhoneSimulator.Build.0 = Release|Any CPU
		{D1DAC704-6957-47A3-B087-03477333999F}.Release|iPhoneSimulator.Deploy.0 = Release|Any CPU
		{D1DAC704-6957-47A3-B087-03477333999F}.Release|x64.ActiveCfg = Release|Any CPU
		{D1DAC704-6957-47A3-B087-03477333999F}.Release|x64.Build.0 = Release|Any CPU
		{D1DAC704-6957-47A3-B087-03477333999F}.Release|x64.Deploy.0 = Release|Any CPU
		{D1DAC704-6957-47A3-B087-03477333999F}.Release|x86.ActiveCfg = Release|Any CPU
		{D1DAC704-6957-47A3-B087-03477333999F}.Release|x86.Build.0 = Release|Any CPU
		{D1DAC704-6957-47A3-B087-03477333999F}.Release|x86.Deploy.0 = Release|Any CPU
		{ABDC7BFC-3159-407E-B103-0F8326E6BDBE}.Ad-Hoc|Any CPU.ActiveCfg = Ad-Hoc|iPhone
		{ABDC7BFC-3159-407E-B103-0F8326E6BDBE}.Ad-Hoc|ARM.ActiveCfg = Ad-Hoc|iPhone
		{ABDC7BFC-3159-407E-B103-0F8326E6BDBE}.Ad-Hoc|iPhone.ActiveCfg = Ad-Hoc|iPhone
		{ABDC7BFC-3159-407E-B103-0F8326E6BDBE}.Ad-Hoc|iPhone.Build.0 = Ad-Hoc|iPhone
		{ABDC7BFC-3159-407E-B103-0F8326E6BDBE}.Ad-Hoc|iPhoneSimulator.ActiveCfg = Ad-Hoc|iPhoneSimulator
		{ABDC7BFC-3159-407E-B103-0F8326E6BDBE}.Ad-Hoc|iPhoneSimulator.Build.0 = Ad-Hoc|iPhoneSimulator
		{ABDC7BFC-3159-407E-B103-0F8326E6BDBE}.Ad-Hoc|x64.ActiveCfg = Ad-Hoc|iPhone
		{ABDC7BFC-3159-407E-B103-0F8326E6BDBE}.Ad-Hoc|x86.ActiveCfg = Ad-Hoc|iPhone
		{ABDC7BFC-3159-407E-B103-0F8326E6BDBE}.AppStore|Any CPU.ActiveCfg = AppStore|iPhone
		{ABDC7BFC-3159-407E-B103-0F8326E6BDBE}.AppStore|ARM.ActiveCfg = AppStore|iPhone
		{ABDC7BFC-3159-407E-B103-0F8326E6BDBE}.AppStore|iPhone.ActiveCfg = AppStore|iPhone
		{ABDC7BFC-3159-407E-B103-0F8326E6BDBE}.AppStore|iPhone.Build.0 = AppStore|iPhone
		{ABDC7BFC-3159-407E-B103-0F8326E6BDBE}.AppStore|iPhoneSimulator.ActiveCfg = AppStore|iPhoneSimulator
		{ABDC7BFC-3159-407E-B103-0F8326E6BDBE}.AppStore|iPhoneSimulator.Build.0 = AppStore|iPhoneSimulator
		{ABDC7BFC-3159-407E-B103-0F8326E6BDBE}.AppStore|x64.ActiveCfg = AppStore|iPhone
		{ABDC7BFC-3159-407E-B103-0F8326E6BDBE}.AppStore|x86.ActiveCfg = AppStore|iPhone
		{ABDC7BFC-3159-407E-B103-0F8326E6BDBE}.Debug|Any CPU.ActiveCfg = Debug|iPhone
		{ABDC7BFC-3159-407E-B103-0F8326E6BDBE}.Debug|ARM.ActiveCfg = Debug|iPhone
		{ABDC7BFC-3159-407E-B103-0F8326E6BDBE}.Debug|iPhone.ActiveCfg = Debug|iPhone
		{ABDC7BFC-3159-407E-B103-0F8326E6BDBE}.Debug|iPhone.Build.0 = Debug|iPhone
		{ABDC7BFC-3159-407E-B103-0F8326E6BDBE}.Debug|iPhoneSimulator.ActiveCfg = Debug|iPhoneSimulator
		{ABDC7BFC-3159-407E-B103-0F8326E6BDBE}.Debug|iPhoneSimulator.Build.0 = Debug|iPhoneSimulator
		{ABDC7BFC-3159-407E-B103-0F8326E6BDBE}.Debug|x64.ActiveCfg = Debug|iPhone
		{ABDC7BFC-3159-407E-B103-0F8326E6BDBE}.Debug|x86.ActiveCfg = Debug|iPhone
		{ABDC7BFC-3159-407E-B103-0F8326E6BDBE}.Release|Any CPU.ActiveCfg = Release|iPhone
		{ABDC7BFC-3159-407E-B103-0F8326E6BDBE}.Release|ARM.ActiveCfg = Release|iPhone
		{ABDC7BFC-3159-407E-B103-0F8326E6BDBE}.Release|iPhone.ActiveCfg = Release|iPhone
		{ABDC7BFC-3159-407E-B103-0F8326E6BDBE}.Release|iPhone.Build.0 = Release|iPhone
		{ABDC7BFC-3159-407E-B103-0F8326E6BDBE}.Release|iPhoneSimulator.ActiveCfg = Release|iPhoneSimulator
		{ABDC7BFC-3159-407E-B103-0F8326E6BDBE}.Release|iPhoneSimulator.Build.0 = Release|iPhoneSimulator
		{ABDC7BFC-3159-407E-B103-0F8326E6BDBE}.Release|x64.ActiveCfg = Release|iPhone
		{ABDC7BFC-3159-407E-B103-0F8326E6BDBE}.Release|x86.ActiveCfg = Release|iPhone
		{F91C816B-26E9-4847-8DAA-284159CC0A3F}.Ad-Hoc|Any CPU.ActiveCfg = Release|x86
		{F91C816B-26E9-4847-8DAA-284159CC0A3F}.Ad-Hoc|Any CPU.Build.0 = Release|x86
		{F91C816B-26E9-4847-8DAA-284159CC0A3F}.Ad-Hoc|Any CPU.Deploy.0 = Release|x86
		{F91C816B-26E9-4847-8DAA-284159CC0A3F}.Ad-Hoc|ARM.ActiveCfg = Release|ARM
		{F91C816B-26E9-4847-8DAA-284159CC0A3F}.Ad-Hoc|ARM.Build.0 = Release|ARM
		{F91C816B-26E9-4847-8DAA-284159CC0A3F}.Ad-Hoc|ARM.Deploy.0 = Release|ARM
		{F91C816B-26E9-4847-8DAA-284159CC0A3F}.Ad-Hoc|iPhone.ActiveCfg = Release|x86
		{F91C816B-26E9-4847-8DAA-284159CC0A3F}.Ad-Hoc|iPhone.Build.0 = Release|x86
		{F91C816B-26E9-4847-8DAA-284159CC0A3F}.Ad-Hoc|iPhone.Deploy.0 = Release|x86
		{F91C816B-26E9-4847-8DAA-284159CC0A3F}.Ad-Hoc|iPhoneSimulator.ActiveCfg = Release|x86
		{F91C816B-26E9-4847-8DAA-284159CC0A3F}.Ad-Hoc|iPhoneSimulator.Build.0 = Release|x86
		{F91C816B-26E9-4847-8DAA-284159CC0A3F}.Ad-Hoc|iPhoneSimulator.Deploy.0 = Release|x86
		{F91C816B-26E9-4847-8DAA-284159CC0A3F}.Ad-Hoc|x64.ActiveCfg = Release|x64
		{F91C816B-26E9-4847-8DAA-284159CC0A3F}.Ad-Hoc|x64.Build.0 = Release|x64
		{F91C816B-26E9-4847-8DAA-284159CC0A3F}.Ad-Hoc|x64.Deploy.0 = Release|x64
		{F91C816B-26E9-4847-8DAA-284159CC0A3F}.Ad-Hoc|x86.ActiveCfg = Release|x86
		{F91C816B-26E9-4847-8DAA-284159CC0A3F}.Ad-Hoc|x86.Build.0 = Release|x86
		{F91C816B-26E9-4847-8DAA-284159CC0A3F}.Ad-Hoc|x86.Deploy.0 = Release|x86
		{F91C816B-26E9-4847-8DAA-284159CC0A3F}.AppStore|Any CPU.ActiveCfg = Release|x86
		{F91C816B-26E9-4847-8DAA-284159CC0A3F}.AppStore|Any CPU.Build.0 = Release|x86
		{F91C816B-26E9-4847-8DAA-284159CC0A3F}.AppStore|Any CPU.Deploy.0 = Release|x86
		{F91C816B-26E9-4847-8DAA-284159CC0A3F}.AppStore|ARM.ActiveCfg = Release|ARM
		{F91C816B-26E9-4847-8DAA-284159CC0A3F}.AppStore|ARM.Build.0 = Release|ARM
		{F91C816B-26E9-4847-8DAA-284159CC0A3F}.AppStore|ARM.Deploy.0 = Release|ARM
		{F91C816B-26E9-4847-8DAA-284159CC0A3F}.AppStore|iPhone.ActiveCfg = Release|x86
		{F91C816B-26E9-4847-8DAA-284159CC0A3F}.AppStore|iPhone.Build.0 = Release|x86
		{F91C816B-26E9-4847-8DAA-284159CC0A3F}.AppStore|iPhone.Deploy.0 = Release|x86
		{F91C816B-26E9-4847-8DAA-284159CC0A3F}.AppStore|iPhoneSimulator.ActiveCfg = Release|x86
		{F91C816B-26E9-4847-8DAA-284159CC0A3F}.AppStore|iPhoneSimulator.Build.0 = Release|x86
		{F91C816B-26E9-4847-8DAA-284159CC0A3F}.AppStore|iPhoneSimulator.Deploy.0 = Release|x86
		{F91C816B-26E9-4847-8DAA-284159CC0A3F}.AppStore|x64.ActiveCfg = Release|x64
		{F91C816B-26E9-4847-8DAA-284159CC0A3F}.AppStore|x64.Build.0 = Release|x64
		{F91C816B-26E9-4847-8DAA-284159CC0A3F}.AppStore|x64.Deploy.0 = Release|x64
		{F91C816B-26E9-4847-8DAA-284159CC0A3F}.AppStore|x86.ActiveCfg = Release|x86
		{F91C816B-26E9-4847-8DAA-284159CC0A3F}.AppStore|x86.Build.0 = Release|x86
		{F91C816B-26E9-4847-8DAA-284159CC0A3F}.AppStore|x86.Deploy.0 = Release|x86
		{F91C816B-26E9-4847-8DAA-284159CC0A3F}.Debug|Any CPU.ActiveCfg = Debug|x86
		{F91C816B-26E9-4847-8DAA-284159CC0A3F}.Debug|ARM.ActiveCfg = Debug|ARM
		{F91C816B-26E9-4847-8DAA-284159CC0A3F}.Debug|ARM.Build.0 = Debug|ARM
		{F91C816B-26E9-4847-8DAA-284159CC0A3F}.Debug|ARM.Deploy.0 = Debug|ARM
		{F91C816B-26E9-4847-8DAA-284159CC0A3F}.Debug|iPhone.ActiveCfg = Debug|x86
		{F91C816B-26E9-4847-8DAA-284159CC0A3F}.Debug|iPhoneSimulator.ActiveCfg = Debug|x86
		{F91C816B-26E9-4847-8DAA-284159CC0A3F}.Debug|x64.ActiveCfg = Debug|x64
		{F91C816B-26E9-4847-8DAA-284159CC0A3F}.Debug|x64.Build.0 = Debug|x64
		{F91C816B-26E9-4847-8DAA-284159CC0A3F}.Debug|x64.Deploy.0 = Debug|x64
		{F91C816B-26E9-4847-8DAA-284159CC0A3F}.Debug|x86.ActiveCfg = Debug|x86
		{F91C816B-26E9-4847-8DAA-284159CC0A3F}.Debug|x86.Build.0 = Debug|x86
		{F91C816B-26E9-4847-8DAA-284159CC0A3F}.Debug|x86.Deploy.0 = Debug|x86
		{F91C816B-26E9-4847-8DAA-284159CC0A3F}.Release|Any CPU.ActiveCfg = Release|x86
		{F91C816B-26E9-4847-8DAA-284159CC0A3F}.Release|ARM.ActiveCfg = Release|ARM
		{F91C816B-26E9-4847-8DAA-284159CC0A3F}.Release|ARM.Build.0 = Release|ARM
		{F91C816B-26E9-4847-8DAA-284159CC0A3F}.Release|ARM.Deploy.0 = Release|ARM
		{F91C816B-26E9-4847-8DAA-284159CC0A3F}.Release|iPhone.ActiveCfg = Release|x86
		{F91C816B-26E9-4847-8DAA-284159CC0A3F}.Release|iPhoneSimulator.ActiveCfg = Release|x86
		{F91C816B-26E9-4847-8DAA-284159CC0A3F}.Release|x64.ActiveCfg = Release|x64
		{F91C816B-26E9-4847-8DAA-284159CC0A3F}.Release|x64.Build.0 = Release|x64
		{F91C816B-26E9-4847-8DAA-284159CC0A3F}.Release|x64.Deploy.0 = Release|x64
		{F91C816B-26E9-4847-8DAA-284159CC0A3F}.Release|x86.ActiveCfg = Release|x86
		{F91C816B-26E9-4847-8DAA-284159CC0A3F}.Release|x86.Build.0 = Release|x86
		{F91C816B-26E9-4847-8DAA-284159CC0A3F}.Release|x86.Deploy.0 = Release|x86
	EndGlobalSection
	GlobalSection(SolutionProperties) = preSolution
		HideSolutionNode = FALSE
	EndGlobalSection
EndGlobal
